
Microsoft Visual Studio Solution File, Format Version 12.00
# Visual Studio Version 17
VisualStudioVersion = 17.4.33213.308
MinimumVisualStudioVersion = 10.0.40219.1
Project("{9A19103F-16F7-4668-BE54-9A1E7A4F7556}") = "AspNet6Course", "AspNet6Course.csproj", "{7448DF6F-8DCE-4A2A-8E02-A1E88E86FFE8}"
EndProject
Global
	GlobalSection(SolutionConfigurationPlatforms) = preSolution
		Debug|Any CPU = Debug|Any CPU
		Release|Any CPU = Release|Any CPU
	EndGlobalSection
	GlobalSection(ProjectConfigurationPlatforms) = postSolution
		{7448DF6F-8DCE-4A2A-8E02-A1E88E86FFE8}.Debug|Any CPU.ActiveCfg = Debug|Any CPU
		{7448DF6F-8DCE-4A2A-8E02-A1E88E86FFE8}.Debug|Any CPU.Build.0 = Debug|Any CPU
		{7448DF6F-8DCE-4A2A-8E02-A1E88E86FFE8}.Release|Any CPU.ActiveCfg = Release|Any CPU
		{7448DF6F-8DCE-4A2A-8E02-A1E88E86FFE8}.Release|Any CPU.Build.0 = Release|Any CPU
	EndGlobalSection
	GlobalSection(SolutionProperties) = preSolution
		HideSolutionNode = FALSE
	EndGlobalSection
	GlobalSection(ExtensibilityGlobals) = postSolution
		SolutionGuid = {09D77066-26F4-4F49-819B-3E8EF7146ADF}
	EndGlobalSection
EndGlobal
